
Microsoft Visual Studio Solution File, Format Version 12.00
# Visual Studio Version 16
VisualStudioVersion = 16.0.31313.79
MinimumVisualStudioVersion = 10.0.40219.1
Project("{9A19103F-16F7-4668-BE54-9A1E7A4F7556}") = "MyKolo", "MyKolo.csproj", "{435A89D4-AC3B-4EE8-A941-E2EC800DA765}"
EndProject
Project("{9A19103F-16F7-4668-BE54-9A1E7A4F7556}") = "MyKoloBLL", "..\MyKoloBLL\MyKoloBLL.csproj", "{3B8D6F9B-8146-485E-AF9D-6C5F3E33825D}"
EndProject
Project("{9A19103F-16F7-4668-BE54-9A1E7A4F7556}") = "MyKoloDAL", "..\MyKoloDAL\MyKoloDAL.csproj", "{4031C089-312A-4B80-8CDB-3628074428EE}"
EndProject
Global
	GlobalSection(SolutionConfigurationPlatforms) = preSolution
		Debug|Any CPU = Debug|Any CPU
		Release|Any CPU = Release|Any CPU
	EndGlobalSection
	GlobalSection(ProjectConfigurationPlatforms) = postSolution
		{435A89D4-AC3B-4EE8-A941-E2EC800DA765}.Debug|Any CPU.ActiveCfg = Debug|Any CPU
		{435A89D4-AC3B-4EE8-A941-E2EC800DA765}.Debug|Any CPU.Build.0 = Debug|Any CPU
		{435A89D4-AC3B-4EE8-A941-E2EC800DA765}.Release|Any CPU.ActiveCfg = Release|Any CPU
		{435A89D4-AC3B-4EE8-A941-E2EC800DA765}.Release|Any CPU.Build.0 = Release|Any CPU
		{3B8D6F9B-8146-485E-AF9D-6C5F3E33825D}.Debug|Any CPU.ActiveCfg = Debug|Any CPU
		{3B8D6F9B-8146-485E-AF9D-6C5F3E33825D}.Debug|Any CPU.Build.0 = Debug|Any CPU
		{3B8D6F9B-8146-485E-AF9D-6C5F3E33825D}.Release|Any CPU.ActiveCfg = Release|Any CPU
		{3B8D6F9B-8146-485E-AF9D-6C5F3E33825D}.Release|Any CPU.Build.0 = Release|Any CPU
		{4031C089-312A-4B80-8CDB-3628074428EE}.Debug|Any CPU.ActiveCfg = Debug|Any CPU
		{4031C089-312A-4B80-8CDB-3628074428EE}.Debug|Any CPU.Build.0 = Debug|Any CPU
		{4031C089-312A-4B80-8CDB-3628074428EE}.Release|Any CPU.ActiveCfg = Release|Any CPU
		{4031C089-312A-4B80-8CDB-3628074428EE}.Release|Any CPU.Build.0 = Release|Any CPU
	EndGlobalSection
	GlobalSection(SolutionProperties) = preSolution
		HideSolutionNode = FALSE
	EndGlobalSection
	GlobalSection(ExtensibilityGlobals) = postSolution
		SolutionGuid = {C879BB54-CC76-40FC-9079-CF39F68B66EC}
	EndGlobalSection
EndGlobal
